// !$*UTF8*$!
{
	archiveVersion = 1;
	classes = {
	};
	objectVersion = 55;
	objects = {

/* Begin PBXBuildFile section */
		0D8E91DB2A2F397C0007BB5C /* AppDelegate.swift in Sources */ = {isa = PBXBuildFile; fileRef = 0D8E91DA2A2F397C0007BB5C /* AppDelegate.swift */; };
		0D8E91DD2A2F397C0007BB5C /* SceneDelegate.swift in Sources */ = {isa = PBXBuildFile; fileRef = 0D8E91DC2A2F397C0007BB5C /* SceneDelegate.swift */; };
		0D8E91DF2A2F397C0007BB5C /* ViewController.swift in Sources */ = {isa = PBXBuildFile; fileRef = 0D8E91DE2A2F397C0007BB5C /* ViewController.swift */; };
		0D8E91E22A2F397C0007BB5C /* Main.storyboard in Resources */ = {isa = PBXBuildFile; fileRef = 0D8E91E02A2F397C0007BB5C /* Main.storyboard */; };
		0D8E91E42A2F397D0007BB5C /* Assets.xcassets in Resources */ = {isa = PBXBuildFile; fileRef = 0D8E91E32A2F397D0007BB5C /* Assets.xcassets */; };
		0D8E91E72A2F397D0007BB5C /* LaunchScreen.storyboard in Resources */ = {isa = PBXBuildFile; fileRef = 0D8E91E52A2F397D0007BB5C /* LaunchScreen.storyboard */; };
		0D8E91EF2A2F39D80007BB5C /* GoogleService-Info.plist in Resources */ = {isa = PBXBuildFile; fileRef = 0D8E91EE2A2F39D80007BB5C /* GoogleService-Info.plist */; };
		0D8E91F42A2F3AD00007BB5C /* FirebaseAuth in Frameworks */ = {isa = PBXBuildFile; productRef = 0D8E91F32A2F3AD00007BB5C /* FirebaseAuth */; };
		0D8E91F72A2F4D7F0007BB5C /* SkyFloatingLabelTextField in Frameworks */ = {isa = PBXBuildFile; productRef = 0D8E91F62A2F4D7F0007BB5C /* SkyFloatingLabelTextField */; };
		0D8E91F92A2F5BA80007BB5C /* RegisterViewController.swift in Sources */ = {isa = PBXBuildFile; fileRef = 0D8E91F82A2F5BA80007BB5C /* RegisterViewController.swift */; };
		0D8E91FB2A2F5BBD0007BB5C /* LoginViewController.swift in Sources */ = {isa = PBXBuildFile; fileRef = 0D8E91FA2A2F5BBD0007BB5C /* LoginViewController.swift */; };
		0DB703C42A30837B0079B8D5 /* HomeViewController.swift in Sources */ = {isa = PBXBuildFile; fileRef = 0DB703C32A30837B0079B8D5 /* HomeViewController.swift */; };
/* End PBXBuildFile section */

/* Begin PBXFileReference section */
		0D8E91D72A2F397C0007BB5C /* Cart.app */ = {isa = PBXFileReference; explicitFileType = wrapper.application; includeInIndex = 0; path = Cart.app; sourceTree = BUILT_PRODUCTS_DIR; };
		0D8E91DA2A2F397C0007BB5C /* AppDelegate.swift */ = {isa = PBXFileReference; lastKnownFileType = sourcecode.swift; path = AppDelegate.swift; sourceTree = "<group>"; };
		0D8E91DC2A2F397C0007BB5C /* SceneDelegate.swift */ = {isa = PBXFileReference; lastKnownFileType = sourcecode.swift; path = SceneDelegate.swift; sourceTree = "<group>"; };
		0D8E91DE2A2F397C0007BB5C /* ViewController.swift */ = {isa = PBXFileReference; lastKnownFileType = sourcecode.swift; path = ViewController.swift; sourceTree = "<group>"; };
		0D8E91E12A2F397C0007BB5C /* Base */ = {isa = PBXFileReference; lastKnownFileType = file.storyboard; name = Base; path = Base.lproj/Main.storyboard; sourceTree = "<group>"; };
		0D8E91E32A2F397D0007BB5C /* Assets.xcassets */ = {isa = PBXFileReference; lastKnownFileType = folder.assetcatalog; path = Assets.xcassets; sourceTree = "<group>"; };
		0D8E91E62A2F397D0007BB5C /* Base */ = {isa = PBXFileReference; lastKnownFileType = file.storyboard; name = Base; path = Base.lproj/LaunchScreen.storyboard; sourceTree = "<group>"; };
		0D8E91E82A2F397D0007BB5C /* Info.plist */ = {isa = PBXFileReference; lastKnownFileType = text.plist.xml; path = Info.plist; sourceTree = "<group>"; };
		0D8E91EE2A2F39D80007BB5C /* GoogleService-Info.plist */ = {isa = PBXFileReference; fileEncoding = 4; lastKnownFileType = text.plist.xml; name = "GoogleService-Info.plist"; path = "../../../Downloads/GoogleService-Info.plist"; sourceTree = "<group>"; };
		0D8E91F82A2F5BA80007BB5C /* RegisterViewController.swift */ = {isa = PBXFileReference; lastKnownFileType = sourcecode.swift; path = RegisterViewController.swift; sourceTree = "<group>"; };
		0D8E91FA2A2F5BBD0007BB5C /* LoginViewController.swift */ = {isa = PBXFileReference; lastKnownFileType = sourcecode.swift; path = LoginViewController.swift; sourceTree = "<group>"; };
		0DB703C32A30837B0079B8D5 /* HomeViewController.swift */ = {isa = PBXFileReference; lastKnownFileType = sourcecode.swift; path = HomeViewController.swift; sourceTree = "<group>"; };
/* End PBXFileReference section */

/* Begin PBXFrameworksBuildPhase section */
		0D8E91D42A2F397C0007BB5C /* Frameworks */ = {
			isa = PBXFrameworksBuildPhase;
			buildActionMask = 2147483647;
			files = (
				0D8E91F42A2F3AD00007BB5C /* FirebaseAuth in Frameworks */,
				0D8E91F72A2F4D7F0007BB5C /* SkyFloatingLabelTextField in Frameworks */,
			);
			runOnlyForDeploymentPostprocessing = 0;
		};
/* End PBXFrameworksBuildPhase section */

/* Begin PBXGroup section */
		0D8E91CE2A2F397C0007BB5C = {
			isa = PBXGroup;
			children = (
				0D8E91D92A2F397C0007BB5C /* Cart */,
				0D8E91D82A2F397C0007BB5C /* Products */,
				0DCD23E62A306A0E00CD11A3 /* Frameworks */,
			);
			sourceTree = "<group>";
		};
		0D8E91D82A2F397C0007BB5C /* Products */ = {
			isa = PBXGroup;
			children = (
				0D8E91D72A2F397C0007BB5C /* Cart.app */,
			);
			name = Products;
			sourceTree = "<group>";
		};
		0D8E91D92A2F397C0007BB5C /* Cart */ = {
			isa = PBXGroup;
			children = (
				0D8E91DA2A2F397C0007BB5C /* AppDelegate.swift */,
				0D8E91DC2A2F397C0007BB5C /* SceneDelegate.swift */,
				0D8E91DE2A2F397C0007BB5C /* ViewController.swift */,
				0D8E91F82A2F5BA80007BB5C /* RegisterViewController.swift */,
				0D8E91FA2A2F5BBD0007BB5C /* LoginViewController.swift */,
				0DB703C32A30837B0079B8D5 /* HomeViewController.swift */,
				0D8E91E02A2F397C0007BB5C /* Main.storyboard */,
				0D8E91E32A2F397D0007BB5C /* Assets.xcassets */,
				0D8E91EE2A2F39D80007BB5C /* GoogleService-Info.plist */,
				0D8E91E52A2F397D0007BB5C /* LaunchScreen.storyboard */,
				0D8E91E82A2F397D0007BB5C /* Info.plist */,
			);
			path = Cart;
			sourceTree = "<group>";
		};
		0DCD23E62A306A0E00CD11A3 /* Frameworks */ = {
			isa = PBXGroup;
			children = (
			);
			name = Frameworks;
			sourceTree = "<group>";
		};
/* End PBXGroup section */

/* Begin PBXNativeTarget section */
		0D8E91D62A2F397C0007BB5C /* Cart */ = {
			isa = PBXNativeTarget;
			buildConfigurationList = 0D8E91EB2A2F397D0007BB5C /* Build configuration list for PBXNativeTarget "Cart" */;
			buildPhases = (
				0D8E91D32A2F397C0007BB5C /* Sources */,
				0D8E91D42A2F397C0007BB5C /* Frameworks */,
				0D8E91D52A2F397C0007BB5C /* Resources */,
			);
			buildRules = (
			);
			dependencies = (
			);
			name = Cart;
			packageProductDependencies = (
				0D8E91F32A2F3AD00007BB5C /* FirebaseAuth */,
				0D8E91F62A2F4D7F0007BB5C /* SkyFloatingLabelTextField */,
			);
			productName = Cart;
			productReference = 0D8E91D72A2F397C0007BB5C /* Cart.app */;
			productType = "com.apple.product-type.application";
		};
/* End PBXNativeTarget section */

/* Begin PBXProject section */
		0D8E91CF2A2F397C0007BB5C /* Project object */ = {
			isa = PBXProject;
			attributes = {
				BuildIndependentTargetsInParallel = 1;
				LastSwiftUpdateCheck = 1340;
				LastUpgradeCheck = 1340;
				TargetAttributes = {
					0D8E91D62A2F397C0007BB5C = {
						CreatedOnToolsVersion = 13.4.1;
					};
				};
			};
			buildConfigurationList = 0D8E91D22A2F397C0007BB5C /* Build configuration list for PBXProject "Cart" */;
			compatibilityVersion = "Xcode 13.0";
			developmentRegion = en;
			hasScannedForEncodings = 0;
			knownRegions = (
				en,
				Base,
			);
			mainGroup = 0D8E91CE2A2F397C0007BB5C;
			packageReferences = (
				0D8E91F02A2F3AD00007BB5C /* XCRemoteSwiftPackageReference "firebase-ios-sdk" */,
				0D8E91F52A2F4D7F0007BB5C /* XCRemoteSwiftPackageReference "SkyFloatingLabelTextField" */,
			);
			productRefGroup = 0D8E91D82A2F397C0007BB5C /* Products */;
			projectDirPath = "";
			projectRoot = "";
			targets = (
				0D8E91D62A2F397C0007BB5C /* Cart */,
			);
		};
/* End PBXProject section */

/* Begin PBXResourcesBuildPhase section */
		0D8E91D52A2F397C0007BB5C /* Resources */ = {
			isa = PBXResourcesBuildPhase;
			buildActionMask = 2147483647;
			files = (
				0D8E91E72A2F397D0007BB5C /* LaunchScreen.storyboard in Resources */,
				0D8E91EF2A2F39D80007BB5C /* GoogleService-Info.plist in Resources */,
				0D8E91E42A2F397D0007BB5C /* Assets.xcassets in Resources */,
				0D8E91E22A2F397C0007BB5C /* Main.storyboard in Resources */,
			);
			runOnlyForDeploymentPostprocessing = 0;
		};
/* End PBXResourcesBuildPhase section */

/* Begin PBXSourcesBuildPhase section */
		0D8E91D32A2F397C0007BB5C /* Sources */ = {
			isa = PBXSourcesBuildPhase;
			buildActionMask = 2147483647;
			files = (
				0D8E91DF2A2F397C0007BB5C /* ViewController.swift in Sources */,
				0D8E91DB2A2F397C0007BB5C /* AppDelegate.swift in Sources */,
				0D8E91DD2A2F397C0007BB5C /* SceneDelegate.swift in Sources */,
				0D8E91FB2A2F5BBD0007BB5C /* LoginViewController.swift in Sources */,
				0D8E91F92A2F5BA80007BB5C /* RegisterViewController.swift in Sources */,
				0DB703C42A30837B0079B8D5 /* HomeViewController.swift in Sources */,
			);
			runOnlyForDeploymentPostprocessing = 0;
		};
/* End PBXSourcesBuildPhase section */

/* Begin PBXVariantGroup section */
		0D8E91E02A2F397C0007BB5C /* Main.storyboard */ = {
			isa = PBXVariantGroup;
			children = (
				0D8E91E12A2F397C0007BB5C /* Base */,
			);
			name = Main.storyboard;
			sourceTree = "<group>";
		};
		0D8E91E52A2F397D0007BB5C /* LaunchScreen.storyboard */ = {
			isa = PBXVariantGroup;
			children = (
				0D8E91E62A2F397D0007BB5C /* Base */,
			);
			name = LaunchScreen.storyboard;
			sourceTree = "<group>";
		};
/* End PBXVariantGroup section */

/* Begin XCBuildConfiguration section */
		0D8E91E92A2F397D0007BB5C /* Debug */ = {
			isa = XCBuildConfiguration;
			buildSettings = {
				ALWAYS_SEARCH_USER_PATHS = NO;
				CLANG_ANALYZER_NONNULL = YES;
				CLANG_ANALYZER_NUMBER_OBJECT_CONVERSION = YES_AGGRESSIVE;
				CLANG_CXX_LANGUAGE_STANDARD = "gnu++17";
				CLANG_ENABLE_MODULES = YES;
				CLANG_ENABLE_OBJC_ARC = YES;
				CLANG_ENABLE_OBJC_WEAK = YES;
				CLANG_WARN_BLOCK_CAPTURE_AUTORELEASING = YES;
				CLANG_WARN_BOOL_CONVERSION = YES;
				CLANG_WARN_COMMA = YES;
				CLANG_WARN_CONSTANT_CONVERSION = YES;
				CLANG_WARN_DEPRECATED_OBJC_IMPLEMENTATIONS = YES;
				CLANG_WARN_DIRECT_OBJC_ISA_USAGE = YES_ERROR;
				CLANG_WARN_DOCUMENTATION_COMMENTS = YES;
				CLANG_WARN_EMPTY_BODY = YES;
				CLANG_WARN_ENUM_CONVERSION = YES;
				CLANG_WARN_INFINITE_RECURSION = YES;
				CLANG_WARN_INT_CONVERSION = YES;
				CLANG_WARN_NON_LITERAL_NULL_CONVERSION = YES;
				CLANG_WARN_OBJC_IMPLICIT_RETAIN_SELF = YES;
				CLANG_WARN_OBJC_LITERAL_CONVERSION = YES;
				CLANG_WARN_OBJC_ROOT_CLASS = YES_ERROR;
				CLANG_WARN_QUOTED_INCLUDE_IN_FRAMEWORK_HEADER = YES;
				CLANG_WARN_RANGE_LOOP_ANALYSIS = YES;
				CLANG_WARN_STRICT_PROTOTYPES = YES;
				CLANG_WARN_SUSPICIOUS_MOVE = YES;
				CLANG_WARN_UNGUARDED_AVAILABILITY = YES_AGGRESSIVE;
				CLANG_WARN_UNREACHABLE_CODE = YES;
				CLANG_WARN__DUPLICATE_METHOD_MATCH = YES;
				COPY_PHASE_STRIP = NO;
				DEBUG_INFORMATION_FORMAT = dwarf;
				ENABLE_STRICT_OBJC_MSGSEND = YES;
				ENABLE_TESTABILITY = YES;
				GCC_C_LANGUAGE_STANDARD = gnu11;
				GCC_DYNAMIC_NO_PIC = NO;
				GCC_NO_COMMON_BLOCKS = YES;
				GCC_OPTIMIZATION_LEVEL = 0;
				GCC_PREPROCESSOR_DEFINITIONS = (
					"DEBUG=1",
					"$(inherited)",
				);
				GCC_WARN_64_TO_32_BIT_CONVERSION = YES;
				GCC_WARN_ABOUT_RETURN_TYPE = YES_ERROR;
				GCC_WARN_UNDECLARED_SELECTOR = YES;
				GCC_WARN_UNINITIALIZED_AUTOS = YES_AGGRESSIVE;
				GCC_WARN_UNUSED_FUNCTION = YES;
				GCC_WARN_UNUSED_VARIABLE = YES;
				IPHONEOS_DEPLOYMENT_TARGET = 15.5;
				MTL_ENABLE_DEBUG_INFO = INCLUDE_SOURCE;
				MTL_FAST_MATH = YES;
				ONLY_ACTIVE_ARCH = YES;
				SDKROOT = iphoneos;
				SWIFT_ACTIVE_COMPILATION_CONDITIONS = DEBUG;
				SWIFT_OPTIMIZATION_LEVEL = "-Onone";
			};
			name = Debug;
		};
		0D8E91EA2A2F397D0007BB5C /* Release */ = {
			isa = XCBuildConfiguration;
			buildSettings = {
				ALWAYS_SEARCH_USER_PATHS = NO;
				CLANG_ANALYZER_NONNULL = YES;
				CLANG_ANALYZER_NUMBER_OBJECT_CONVERSION = YES_AGGRESSIVE;
				CLANG_CXX_LANGUAGE_STANDARD = "gnu++17";
				CLANG_ENABLE_MODULES = YES;
				CLANG_ENABLE_OBJC_ARC = YES;
				CLANG_ENABLE_OBJC_WEAK = YES;
				CLANG_WARN_BLOCK_CAPTURE_AUTORELEASING = YES;
				CLANG_WARN_BOOL_CONVERSION = YES;
				CLANG_WARN_COMMA = YES;
				CLANG_WARN_CONSTANT_CONVERSION = YES;
				CLANG_WARN_DEPRECATED_OBJC_IMPLEMENTATIONS = YES;
				CLANG_WARN_DIRECT_OBJC_ISA_USAGE = YES_ERROR;
				CLANG_WARN_DOCUMENTATION_COMMENTS = YES;
				CLANG_WARN_EMPTY_BODY = YES;
				CLANG_WARN_ENUM_CONVERSION = YES;
				CLANG_WARN_INFINITE_RECURSION = YES;
				CLANG_WARN_INT_CONVERSION = YES;
				CLANG_WARN_NON_LITERAL_NULL_CONVERSION = YES;
				CLANG_WARN_OBJC_IMPLICIT_RETAIN_SELF = YES;
				CLANG_WARN_OBJC_LITERAL_CONVERSION = YES;
				CLANG_WARN_OBJC_ROOT_CLASS = YES_ERROR;
				CLANG_WARN_QUOTED_INCLUDE_IN_FRAMEWORK_HEADER = YES;
				CLANG_WARN_RANGE_LOOP_ANALYSIS = YES;
				CLANG_WARN_STRICT_PROTOTYPES = YES;
				CLANG_WARN_SUSPICIOUS_MOVE = YES;
				CLANG_WARN_UNGUARDED_AVAILABILITY = YES_AGGRESSIVE;
				CLANG_WARN_UNREACHABLE_CODE = YES;
				CLANG_WARN__DUPLICATE_METHOD_MATCH = YES;
				COPY_PHASE_STRIP = NO;
				DEBUG_INFORMATION_FORMAT = "dwarf-with-dsym";
				ENABLE_NS_ASSERTIONS = NO;
				ENABLE_STRICT_OBJC_MSGSEND = YES;
				GCC_C_LANGUAGE_STANDARD = gnu11;
				GCC_NO_COMMON_BLOCKS = YES;
				GCC_WARN_64_TO_32_BIT_CONVERSION = YES;
				GCC_WARN_ABOUT_RETURN_TYPE = YES_ERROR;
				GCC_WARN_UNDECLARED_SELECTOR = YES;
				GCC_WARN_UNINITIALIZED_AUTOS = YES_AGGRESSIVE;
				GCC_WARN_UNUSED_FUNCTION = YES;
				GCC_WARN_UNUSED_VARIABLE = YES;
				IPHONEOS_DEPLOYMENT_TARGET = 15.5;
				MTL_ENABLE_DEBUG_INFO = NO;
				MTL_FAST_MATH = YES;
				SDKROOT = iphoneos;
				SWIFT_COMPILATION_MODE = wholemodule;
				SWIFT_OPTIMIZATION_LEVEL = "-O";
				VALIDATE_PRODUCT = YES;
			};
			name = Release;
		};
		0D8E91EC2A2F397D0007BB5C /* Debug */ = {
			isa = XCBuildConfiguration;
			buildSettings = {
				ASSETCATALOG_COMPILER_APPICON_NAME = AppIcon;
				ASSETCATALOG_COMPILER_GLOBAL_ACCENT_COLOR_NAME = AccentColor;
				CODE_SIGN_STYLE = Manual;
				CURRENT_PROJECT_VERSION = 1;
				DEVELOPMENT_TEAM = "";
				GENERATE_INFOPLIST_FILE = YES;
				INFOPLIST_FILE = Cart/Info.plist;
				INFOPLIST_KEY_UIApplicationSupportsIndirectInputEvents = YES;
				INFOPLIST_KEY_UILaunchStoryboardName = LaunchScreen;
				INFOPLIST_KEY_UIMainStoryboardFile = Main;
				INFOPLIST_KEY_UISupportedInterfaceOrientations_iPad = "UIInterfaceOrientationPortrait UIInterfaceOrientationPortraitUpsideDown UIInterfaceOrientationLandscapeLeft UIInterfaceOrientationLandscapeRight";
				INFOPLIST_KEY_UISupportedInterfaceOrientations_iPhone = "UIInterfaceOrientationPortrait UIInterfaceOrientationLandscapeLeft UIInterfaceOrientationLandscapeRight";
				LD_RUNPATH_SEARCH_PATHS = (
					"$(inherited)",
					"@executable_path/Frameworks",
				);
				MARKETING_VERSION = 1.0;
				PRODUCT_BUNDLE_IDENTIFIER = com.msf.Cart;
				PRODUCT_NAME = "$(TARGET_NAME)";
				PROVISIONING_PROFILE_SPECIFIER = "";
				SWIFT_EMIT_LOC_STRINGS = YES;
				SWIFT_VERSION = 5.0;
				TARGETED_DEVICE_FAMILY = "1,2";
			};
			name = Debug;
		};
		0D8E91ED2A2F397D0007BB5C /* Release */ = {
			isa = XCBuildConfiguration;
			buildSettings = {
				ASSETCATALOG_COMPILER_APPICON_NAME = AppIcon;
				ASSETCATALOG_COMPILER_GLOBAL_ACCENT_COLOR_NAME = AccentColor;
				CODE_SIGN_STYLE = Manual;
				CURRENT_PROJECT_VERSION = 1;
				DEVELOPMENT_TEAM = "";
				GENERATE_INFOPLIST_FILE = YES;
				INFOPLIST_FILE = Cart/Info.plist;
				INFOPLIST_KEY_UIApplicationSupportsIndirectInputEvents = YES;
				INFOPLIST_KEY_UILaunchStoryboardName = LaunchScreen;
				INFOPLIST_KEY_UIMainStoryboardFile = Main;
				INFOPLIST_KEY_UISupportedInterfaceOrientations_iPad = "UIInterfaceOrientationPortrait UIInterfaceOrientationPortraitUpsideDown UIInterfaceOrientationLandscapeLeft UIInterfaceOrientationLandscapeRight";
				INFOPLIST_KEY_UISupportedInterfaceOrientations_iPhone = "UIInterfaceOrientationPortrait UIInterfaceOrientationLandscapeLeft UIInterfaceOrientationLandscapeRight";
				LD_RUNPATH_SEARCH_PATHS = (
					"$(inherited)",
					"@executable_path/Frameworks",
				);
				MARKETING_VERSION = 1.0;
				PRODUCT_BUNDLE_IDENTIFIER = com.msf.Cart;
				PRODUCT_NAME = "$(TARGET_NAME)";
				PROVISIONING_PROFILE_SPECIFIER = "";
				SWIFT_EMIT_LOC_STRINGS = YES;
				SWIFT_VERSION = 5.0;
				TARGETED_DEVICE_FAMILY = "1,2";
			};
			name = Release;
		};
/* End XCBuildConfiguration section */

/* Begin XCConfigurationList section */
		0D8E91D22A2F397C0007BB5C /* Build configuration list for PBXProject "Cart" */ = {
			isa = XCConfigurationList;
			buildConfigurations = (
				0D8E91E92A2F397D0007BB5C /* Debug */,
				0D8E91EA2A2F397D0007BB5C /* Release */,
			);
			defaultConfigurationIsVisible = 0;
			defaultConfigurationName = Release;
		};
		0D8E91EB2A2F397D0007BB5C /* Build configuration list for PBXNativeTarget "Cart" */ = {
			isa = XCConfigurationList;
			buildConfigurations = (
				0D8E91EC2A2F397D0007BB5C /* Debug */,
				0D8E91ED2A2F397D0007BB5C /* Release */,
			);
			defaultConfigurationIsVisible = 0;
			defaultConfigurationName = Release;
		};
/* End XCConfigurationList section */

/* Begin XCRemoteSwiftPackageReference section */
		0D8E91F02A2F3AD00007BB5C /* XCRemoteSwiftPackageReference "firebase-ios-sdk" */ = {
			isa = XCRemoteSwiftPackageReference;
			repositoryURL = "https://github.com/firebase/firebase-ios-sdk";
			requirement = {
				kind = upToNextMajorVersion;
				minimumVersion = 9.0.0;
			};
		};
		0D8E91F52A2F4D7F0007BB5C /* XCRemoteSwiftPackageReference "SkyFloatingLabelTextField" */ = {
			isa = XCRemoteSwiftPackageReference;
			repositoryURL = "https://github.com/Skyscanner/SkyFloatingLabelTextField.git";
			requirement = {
				branch = main;
				kind = branch;
			};
		};
/* End XCRemoteSwiftPackageReference section */

/* Begin XCSwiftPackageProductDependency section */
		0D8E91F32A2F3AD00007BB5C /* FirebaseAuth */ = {
			isa = XCSwiftPackageProductDependency;
			package = 0D8E91F02A2F3AD00007BB5C /* XCRemoteSwiftPackageReference "firebase-ios-sdk" */;
			productName = FirebaseAuth;
		};
		0D8E91F62A2F4D7F0007BB5C /* SkyFloatingLabelTextField */ = {
			isa = XCSwiftPackageProductDependency;
			package = 0D8E91F52A2F4D7F0007BB5C /* XCRemoteSwiftPackageReference "SkyFloatingLabelTextField" */;
			productName = SkyFloatingLabelTextField;
		};
/* End XCSwiftPackageProductDependency section */
	};
	rootObject = 0D8E91CF2A2F397C0007BB5C /* Project object */;
}
